
Microsoft Visual Studio Solution File, Format Version 12.00
# Visual Studio 2013
VisualStudioVersion = 12.0.30110.0
MinimumVisualStudioVersion = 10.0.40219.1
Project("{FAE04EC0-301F-11D3-BF4B-00C04F79EFBC}") = "linq", "courses\linq\linq.csproj", "{0BD679E4-9ACB-4B02-835B-CBCA1DE8B817}"
EndProject
Project("{FAE04EC0-301F-11D3-BF4B-00C04F79EFBC}") = "uLearn", "uLearn\uLearn.csproj", "{333DD5A7-9955-46CB-8905-79E800F2B435}"
EndProject
Project("{FAE04EC0-301F-11D3-BF4B-00C04F79EFBC}") = "uLearn.Web", "uLearn.Web\uLearn.Web.csproj", "{B3701D2E-D001-4E0A-AB2F-7ACB5A89589B}"
EndProject
Project("{FAE04EC0-301F-11D3-BF4B-00C04F79EFBC}") = "BasicProgramming", "courses\BasicProgramming\BasicProgramming.csproj", "{83A81211-A139-4A37-92A0-716809232F08}"
EndProject
Global
	GlobalSection(SolutionConfigurationPlatforms) = preSolution
		Debug|Any CPU = Debug|Any CPU
		Release|Any CPU = Release|Any CPU
	EndGlobalSection
	GlobalSection(ProjectConfigurationPlatforms) = postSolution
		{0BD679E4-9ACB-4B02-835B-CBCA1DE8B817}.Debug|Any CPU.ActiveCfg = Debug|Any CPU
		{0BD679E4-9ACB-4B02-835B-CBCA1DE8B817}.Debug|Any CPU.Build.0 = Debug|Any CPU
		{0BD679E4-9ACB-4B02-835B-CBCA1DE8B817}.Release|Any CPU.ActiveCfg = Release|Any CPU
		{0BD679E4-9ACB-4B02-835B-CBCA1DE8B817}.Release|Any CPU.Build.0 = Release|Any CPU
		{333DD5A7-9955-46CB-8905-79E800F2B435}.Debug|Any CPU.ActiveCfg = Debug|Any CPU
		{333DD5A7-9955-46CB-8905-79E800F2B435}.Debug|Any CPU.Build.0 = Debug|Any CPU
		{333DD5A7-9955-46CB-8905-79E800F2B435}.Release|Any CPU.ActiveCfg = Release|Any CPU
		{333DD5A7-9955-46CB-8905-79E800F2B435}.Release|Any CPU.Build.0 = Release|Any CPU
		{B3701D2E-D001-4E0A-AB2F-7ACB5A89589B}.Debug|Any CPU.ActiveCfg = Debug|Any CPU
		{B3701D2E-D001-4E0A-AB2F-7ACB5A89589B}.Debug|Any CPU.Build.0 = Debug|Any CPU
		{B3701D2E-D001-4E0A-AB2F-7ACB5A89589B}.Release|Any CPU.ActiveCfg = Release|Any CPU
		{B3701D2E-D001-4E0A-AB2F-7ACB5A89589B}.Release|Any CPU.Build.0 = Release|Any CPU
		{83A81211-A139-4A37-92A0-716809232F08}.Debug|Any CPU.ActiveCfg = Debug|Any CPU
		{83A81211-A139-4A37-92A0-716809232F08}.Debug|Any CPU.Build.0 = Debug|Any CPU
		{83A81211-A139-4A37-92A0-716809232F08}.Release|Any CPU.ActiveCfg = Release|Any CPU
		{83A81211-A139-4A37-92A0-716809232F08}.Release|Any CPU.Build.0 = Release|Any CPU
	EndGlobalSection
	GlobalSection(SolutionProperties) = preSolution
		HideSolutionNode = FALSE
	EndGlobalSection
EndGlobal
