
Microsoft Visual Studio Solution File, Format Version 12.00
# Visual Studio 15
VisualStudioVersion = 15.0.26430.14
MinimumVisualStudioVersion = 10.0.40219.1
Project("{FAE04EC0-301F-11D3-BF4B-00C04F79EFBC}") = "uLearn", "uLearn\uLearn.csproj", "{333DD5A7-9955-46CB-8905-79E800F2B435}"
EndProject
Project("{FAE04EC0-301F-11D3-BF4B-00C04F79EFBC}") = "uLearn.Web", "uLearn.Web\uLearn.Web.csproj", "{B3701D2E-D001-4E0A-AB2F-7ACB5A89589B}"
EndProject
Project("{2150E333-8FDC-42A3-9474-1A3956D46DE8}") = "Solution Items", "Solution Items", "{886309CE-DFC7-4449-9171-2351E2CE2B88}"
	ProjectSection(SolutionItems) = preProject
		course.xsd = course.xsd
		lesson.xsd = lesson.xsd
		quiz.xsd = quiz.xsd
		types.xsd = types.xsd
		unit.xsd = unit.xsd
	EndProjectSection
EndProject
Project("{2150E333-8FDC-42A3-9474-1A3956D46DE8}") = ".nuget", ".nuget", "{6BAF4042-556E-48C8-BE45-27490ACFDDCC}"
	ProjectSection(SolutionItems) = preProject
		.nuget\NuGet.Config = .nuget\NuGet.Config
		.nuget\NuGet.exe = .nuget\NuGet.exe
		.nuget\NuGet.targets = .nuget\NuGet.targets
		.nuget\packages.config = .nuget\packages.config
	EndProjectSection
EndProject
Project("{FAE04EC0-301F-11D3-BF4B-00C04F79EFBC}") = "CourseTool", "CourseTool\CourseTool.csproj", "{38660028-BD75-4281-84E9-B35CE3E338DC}"
EndProject
Project("{FAE04EC0-301F-11D3-BF4B-00C04F79EFBC}") = "RunCsJob", "RunCsJob\RunCsJob.csproj", "{77B16F9D-3CDF-4CC6-BE5F-B6BADFAC5394}"
EndProject
Project("{FAE04EC0-301F-11D3-BF4B-00C04F79EFBC}") = "CsSandboxer", "CsSandboxer\CsSandboxer.csproj", "{C2F55118-2422-4043-96AF-016EBB8EC965}"
EndProject
Project("{FAE04EC0-301F-11D3-BF4B-00C04F79EFBC}") = "uLearn.Tests", "uLearn.Tests\uLearn.Tests.csproj", "{BF698331-FF65-4B1E-850D-2E399434580B}"
EndProject
Project("{FAE04EC0-301F-11D3-BF4B-00C04F79EFBC}") = "RunCsJob.Api", "RunCsJob.Api\RunCsJob.Api.csproj", "{26580595-F4DC-41EE-BA66-0EF4692243AF}"
EndProject
Project("{FAE04EC0-301F-11D3-BF4B-00C04F79EFBC}") = "RunCsJob.Service", "RunCsJob.Service\RunCsJob.Service.csproj", "{76897BE1-6FB1-4E29-9593-D1851549B00B}"
EndProject
Project("{FAE04EC0-301F-11D3-BF4B-00C04F79EFBC}") = "Notifications", "Notifications\Notifications.csproj", "{0C7067B6-4AC8-46D4-AFCB-836F4BF66EBA}"
EndProject
Project("{FAE04EC0-301F-11D3-BF4B-00C04F79EFBC}") = "Database", "Database\Database.csproj", "{95510835-0B21-4D99-A4D2-B8FC87761A3C}"
EndProject
Project("{FAE04EC0-301F-11D3-BF4B-00C04F79EFBC}") = "XQueueWatcher", "XQueueWatcher\XQueueWatcher.csproj", "{73474493-49F2-48E2-8550-B1FF0B32C67E}"
EndProject
Project("{FAE04EC0-301F-11D3-BF4B-00C04F79EFBC}") = "XQueue", "XQueue\XQueue.csproj", "{4B227920-6EB6-476F-95C7-1CDBE02DAE3F}"
EndProject
Project("{FAE04EC0-301F-11D3-BF4B-00C04F79EFBC}") = "Notifications.Service", "Notifications.Service\Notifications.Service.csproj", "{3F601596-995C-4B19-8FCA-A071CE7C4325}"
EndProject
Project("{FAE04EC0-301F-11D3-BF4B-00C04F79EFBC}") = "Metrics", "Metrics\Metrics.csproj", "{6BF55402-68F0-4BA3-9F03-E42C3912C9CA}"
EndProject
Project("{FAE04EC0-301F-11D3-BF4B-00C04F79EFBC}") = "uLearn.CSharpAttributes", "uLearn.CSharpAttributes\uLearn.CSharpAttributes.csproj", "{74BEA97A-21EB-4FD2-B58A-1341C8BA3124}"
EndProject
Project("{FAE04EC0-301F-11D3-BF4B-00C04F79EFBC}") = "XQueueWatcher.Service", "XQueueWatcher.Service\XQueueWatcher.Service.csproj", "{0456686D-1B57-4126-B6FD-C61600F7ED92}"
EndProject
Global
	GlobalSection(SolutionConfigurationPlatforms) = preSolution
		Debug|Any CPU = Debug|Any CPU
		Release|Any CPU = Release|Any CPU
	EndGlobalSection
	GlobalSection(ProjectConfigurationPlatforms) = postSolution
		{333DD5A7-9955-46CB-8905-79E800F2B435}.Debug|Any CPU.ActiveCfg = Debug|Any CPU
		{333DD5A7-9955-46CB-8905-79E800F2B435}.Debug|Any CPU.Build.0 = Debug|Any CPU
		{333DD5A7-9955-46CB-8905-79E800F2B435}.Release|Any CPU.ActiveCfg = Release|Any CPU
		{333DD5A7-9955-46CB-8905-79E800F2B435}.Release|Any CPU.Build.0 = Release|Any CPU
		{B3701D2E-D001-4E0A-AB2F-7ACB5A89589B}.Debug|Any CPU.ActiveCfg = Debug|Any CPU
		{B3701D2E-D001-4E0A-AB2F-7ACB5A89589B}.Debug|Any CPU.Build.0 = Debug|Any CPU
		{B3701D2E-D001-4E0A-AB2F-7ACB5A89589B}.Release|Any CPU.ActiveCfg = Release|Any CPU
		{B3701D2E-D001-4E0A-AB2F-7ACB5A89589B}.Release|Any CPU.Build.0 = Release|Any CPU
		{38660028-BD75-4281-84E9-B35CE3E338DC}.Debug|Any CPU.ActiveCfg = Debug|Any CPU
		{38660028-BD75-4281-84E9-B35CE3E338DC}.Debug|Any CPU.Build.0 = Debug|Any CPU
		{38660028-BD75-4281-84E9-B35CE3E338DC}.Release|Any CPU.ActiveCfg = Release|Any CPU
		{38660028-BD75-4281-84E9-B35CE3E338DC}.Release|Any CPU.Build.0 = Release|Any CPU
		{77B16F9D-3CDF-4CC6-BE5F-B6BADFAC5394}.Debug|Any CPU.ActiveCfg = Debug|Any CPU
		{77B16F9D-3CDF-4CC6-BE5F-B6BADFAC5394}.Debug|Any CPU.Build.0 = Debug|Any CPU
		{77B16F9D-3CDF-4CC6-BE5F-B6BADFAC5394}.Release|Any CPU.ActiveCfg = Release|Any CPU
		{77B16F9D-3CDF-4CC6-BE5F-B6BADFAC5394}.Release|Any CPU.Build.0 = Release|Any CPU
		{C2F55118-2422-4043-96AF-016EBB8EC965}.Debug|Any CPU.ActiveCfg = Debug|Any CPU
		{C2F55118-2422-4043-96AF-016EBB8EC965}.Debug|Any CPU.Build.0 = Debug|Any CPU
		{C2F55118-2422-4043-96AF-016EBB8EC965}.Release|Any CPU.ActiveCfg = Release|Any CPU
		{C2F55118-2422-4043-96AF-016EBB8EC965}.Release|Any CPU.Build.0 = Release|Any CPU
		{BF698331-FF65-4B1E-850D-2E399434580B}.Debug|Any CPU.ActiveCfg = Debug|Any CPU
		{BF698331-FF65-4B1E-850D-2E399434580B}.Debug|Any CPU.Build.0 = Debug|Any CPU
		{BF698331-FF65-4B1E-850D-2E399434580B}.Release|Any CPU.ActiveCfg = Debug|Any CPU
		{BF698331-FF65-4B1E-850D-2E399434580B}.Release|Any CPU.Build.0 = Debug|Any CPU
		{26580595-F4DC-41EE-BA66-0EF4692243AF}.Debug|Any CPU.ActiveCfg = Debug|Any CPU
		{26580595-F4DC-41EE-BA66-0EF4692243AF}.Debug|Any CPU.Build.0 = Debug|Any CPU
		{26580595-F4DC-41EE-BA66-0EF4692243AF}.Release|Any CPU.ActiveCfg = Release|Any CPU
		{26580595-F4DC-41EE-BA66-0EF4692243AF}.Release|Any CPU.Build.0 = Release|Any CPU
		{76897BE1-6FB1-4E29-9593-D1851549B00B}.Debug|Any CPU.ActiveCfg = Debug|Any CPU
		{76897BE1-6FB1-4E29-9593-D1851549B00B}.Debug|Any CPU.Build.0 = Debug|Any CPU
		{76897BE1-6FB1-4E29-9593-D1851549B00B}.Release|Any CPU.ActiveCfg = Release|Any CPU
		{76897BE1-6FB1-4E29-9593-D1851549B00B}.Release|Any CPU.Build.0 = Release|Any CPU
		{0C7067B6-4AC8-46D4-AFCB-836F4BF66EBA}.Debug|Any CPU.ActiveCfg = Debug|Any CPU
		{0C7067B6-4AC8-46D4-AFCB-836F4BF66EBA}.Debug|Any CPU.Build.0 = Debug|Any CPU
		{0C7067B6-4AC8-46D4-AFCB-836F4BF66EBA}.Release|Any CPU.ActiveCfg = Release|Any CPU
		{0C7067B6-4AC8-46D4-AFCB-836F4BF66EBA}.Release|Any CPU.Build.0 = Release|Any CPU
		{95510835-0B21-4D99-A4D2-B8FC87761A3C}.Debug|Any CPU.ActiveCfg = Debug|Any CPU
		{95510835-0B21-4D99-A4D2-B8FC87761A3C}.Debug|Any CPU.Build.0 = Debug|Any CPU
		{95510835-0B21-4D99-A4D2-B8FC87761A3C}.Release|Any CPU.ActiveCfg = Release|Any CPU
		{95510835-0B21-4D99-A4D2-B8FC87761A3C}.Release|Any CPU.Build.0 = Release|Any CPU
		{73474493-49F2-48E2-8550-B1FF0B32C67E}.Debug|Any CPU.ActiveCfg = Debug|Any CPU
		{73474493-49F2-48E2-8550-B1FF0B32C67E}.Debug|Any CPU.Build.0 = Debug|Any CPU
		{73474493-49F2-48E2-8550-B1FF0B32C67E}.Release|Any CPU.ActiveCfg = Release|Any CPU
		{73474493-49F2-48E2-8550-B1FF0B32C67E}.Release|Any CPU.Build.0 = Release|Any CPU
		{4B227920-6EB6-476F-95C7-1CDBE02DAE3F}.Debug|Any CPU.ActiveCfg = Debug|Any CPU
		{4B227920-6EB6-476F-95C7-1CDBE02DAE3F}.Debug|Any CPU.Build.0 = Debug|Any CPU
		{4B227920-6EB6-476F-95C7-1CDBE02DAE3F}.Release|Any CPU.ActiveCfg = Release|Any CPU
		{4B227920-6EB6-476F-95C7-1CDBE02DAE3F}.Release|Any CPU.Build.0 = Release|Any CPU
		{3F601596-995C-4B19-8FCA-A071CE7C4325}.Debug|Any CPU.ActiveCfg = Debug|Any CPU
		{3F601596-995C-4B19-8FCA-A071CE7C4325}.Debug|Any CPU.Build.0 = Debug|Any CPU
		{3F601596-995C-4B19-8FCA-A071CE7C4325}.Release|Any CPU.ActiveCfg = Release|Any CPU
		{3F601596-995C-4B19-8FCA-A071CE7C4325}.Release|Any CPU.Build.0 = Release|Any CPU
		{6BF55402-68F0-4BA3-9F03-E42C3912C9CA}.Debug|Any CPU.ActiveCfg = Debug|Any CPU
		{6BF55402-68F0-4BA3-9F03-E42C3912C9CA}.Debug|Any CPU.Build.0 = Debug|Any CPU
		{6BF55402-68F0-4BA3-9F03-E42C3912C9CA}.Release|Any CPU.ActiveCfg = Release|Any CPU
		{6BF55402-68F0-4BA3-9F03-E42C3912C9CA}.Release|Any CPU.Build.0 = Release|Any CPU
		{74BEA97A-21EB-4FD2-B58A-1341C8BA3124}.Debug|Any CPU.ActiveCfg = Debug|Any CPU
		{74BEA97A-21EB-4FD2-B58A-1341C8BA3124}.Debug|Any CPU.Build.0 = Debug|Any CPU
		{74BEA97A-21EB-4FD2-B58A-1341C8BA3124}.Release|Any CPU.ActiveCfg = Release|Any CPU
		{74BEA97A-21EB-4FD2-B58A-1341C8BA3124}.Release|Any CPU.Build.0 = Release|Any CPU
		{0456686D-1B57-4126-B6FD-C61600F7ED92}.Debug|Any CPU.ActiveCfg = Debug|Any CPU
		{0456686D-1B57-4126-B6FD-C61600F7ED92}.Debug|Any CPU.Build.0 = Debug|Any CPU
		{0456686D-1B57-4126-B6FD-C61600F7ED92}.Release|Any CPU.ActiveCfg = Release|Any CPU
		{0456686D-1B57-4126-B6FD-C61600F7ED92}.Release|Any CPU.Build.0 = Release|Any CPU
	EndGlobalSection
	GlobalSection(SolutionProperties) = preSolution
		HideSolutionNode = FALSE
	EndGlobalSection
EndGlobal
